
Microsoft Visual Studio Solution File, Format Version 12.00
# Visual Studio Version 16
VisualStudioVersion = 16.0.30114.105
MinimumVisualStudioVersion = 10.0.40219.1
Project("{9A19103F-16F7-4668-BE54-9A1E7A4F7556}") = "twitchBot", "twitchBot.csproj", "{4A2187A3-43D1-4FDD-9D16-7715C5D2C70B}"
EndProject
Global
	GlobalSection(SolutionConfigurationPlatforms) = preSolution
		Debug|Any CPU = Debug|Any CPU
		Release|Any CPU = Release|Any CPU
	EndGlobalSection
	GlobalSection(ProjectConfigurationPlatforms) = postSolution
		{4A2187A3-43D1-4FDD-9D16-7715C5D2C70B}.Debug|Any CPU.ActiveCfg = Debug|Any CPU
		{4A2187A3-43D1-4FDD-9D16-7715C5D2C70B}.Debug|Any CPU.Build.0 = Debug|Any CPU
		{4A2187A3-43D1-4FDD-9D16-7715C5D2C70B}.Release|Any CPU.ActiveCfg = Release|Any CPU
		{4A2187A3-43D1-4FDD-9D16-7715C5D2C70B}.Release|Any CPU.Build.0 = Release|Any CPU
	EndGlobalSection
	GlobalSection(SolutionProperties) = preSolution
		HideSolutionNode = FALSE
	EndGlobalSection
	GlobalSection(ExtensibilityGlobals) = postSolution
		SolutionGuid = {64F05B97-D7A0-478E-97E0-5866C8A907BA}
	EndGlobalSection
EndGlobal
