
Microsoft Visual Studio Solution File, Format Version 12.00
# Visual Studio Version 17
VisualStudioVersion = 17.6.33815.320
MinimumVisualStudioVersion = 10.0.40219.1
Project("{9A19103F-16F7-4668-BE54-9A1E7A4F7556}") = "webapi", "webapi\webapi.csproj", "{271D3F69-97F2-439F-8795-4A2B127A43C9}"
EndProject
Project("{9A19103F-16F7-4668-BE54-9A1E7A4F7556}") = "twitchBot", "twitchBot\twitchBot.csproj", "{9990320C-E68C-4F3E-BC5C-64D25B0C15B8}"
EndProject
Project("{9A19103F-16F7-4668-BE54-9A1E7A4F7556}") = "Entities", "Entities\Entities.csproj", "{8C8635C7-5FFD-48F7-B4E8-B5470A0D3887}"
EndProject
Project("{9A19103F-16F7-4668-BE54-9A1E7A4F7556}") = "Infrastructure", "Infrastructure\Infrastructure.csproj", "{FC6B8582-A8FB-4D2C-BDEF-5B5E1E4B1CDD}"
EndProject
Project("{FAE04EC0-301F-11D3-BF4B-00C04F79EFBC}") = "kinobotz.Tests", "kinobotz.Tests\kinobotz.Tests.csproj", "{D1C4EA37-CBAB-4FC9-82FC-2065B589AF52}"
EndProject
Global
	GlobalSection(SolutionConfigurationPlatforms) = preSolution
		Debug|Any CPU = Debug|Any CPU
		Release|Any CPU = Release|Any CPU
	EndGlobalSection
	GlobalSection(ProjectConfigurationPlatforms) = postSolution
		{271D3F69-97F2-439F-8795-4A2B127A43C9}.Debug|Any CPU.ActiveCfg = Debug|Any CPU
		{271D3F69-97F2-439F-8795-4A2B127A43C9}.Debug|Any CPU.Build.0 = Debug|Any CPU
		{271D3F69-97F2-439F-8795-4A2B127A43C9}.Release|Any CPU.ActiveCfg = Release|Any CPU
		{271D3F69-97F2-439F-8795-4A2B127A43C9}.Release|Any CPU.Build.0 = Release|Any CPU
		{9990320C-E68C-4F3E-BC5C-64D25B0C15B8}.Debug|Any CPU.ActiveCfg = Debug|Any CPU
		{9990320C-E68C-4F3E-BC5C-64D25B0C15B8}.Debug|Any CPU.Build.0 = Debug|Any CPU
		{9990320C-E68C-4F3E-BC5C-64D25B0C15B8}.Release|Any CPU.ActiveCfg = Release|Any CPU
		{9990320C-E68C-4F3E-BC5C-64D25B0C15B8}.Release|Any CPU.Build.0 = Release|Any CPU
		{8C8635C7-5FFD-48F7-B4E8-B5470A0D3887}.Debug|Any CPU.ActiveCfg = Debug|Any CPU
		{8C8635C7-5FFD-48F7-B4E8-B5470A0D3887}.Debug|Any CPU.Build.0 = Debug|Any CPU
		{8C8635C7-5FFD-48F7-B4E8-B5470A0D3887}.Release|Any CPU.ActiveCfg = Release|Any CPU
		{8C8635C7-5FFD-48F7-B4E8-B5470A0D3887}.Release|Any CPU.Build.0 = Release|Any CPU
		{FC6B8582-A8FB-4D2C-BDEF-5B5E1E4B1CDD}.Debug|Any CPU.ActiveCfg = Debug|Any CPU
		{FC6B8582-A8FB-4D2C-BDEF-5B5E1E4B1CDD}.Debug|Any CPU.Build.0 = Debug|Any CPU
		{FC6B8582-A8FB-4D2C-BDEF-5B5E1E4B1CDD}.Release|Any CPU.ActiveCfg = Release|Any CPU
		{FC6B8582-A8FB-4D2C-BDEF-5B5E1E4B1CDD}.Release|Any CPU.Build.0 = Release|Any CPU
		{D1C4EA37-CBAB-4FC9-82FC-2065B589AF52}.Debug|Any CPU.ActiveCfg = Debug|Any CPU
		{D1C4EA37-CBAB-4FC9-82FC-2065B589AF52}.Debug|Any CPU.Build.0 = Debug|Any CPU
		{D1C4EA37-CBAB-4FC9-82FC-2065B589AF52}.Release|Any CPU.ActiveCfg = Release|Any CPU
		{D1C4EA37-CBAB-4FC9-82FC-2065B589AF52}.Release|Any CPU.Build.0 = Release|Any CPU
	EndGlobalSection
	GlobalSection(SolutionProperties) = preSolution
		HideSolutionNode = FALSE
	EndGlobalSection
	GlobalSection(ExtensibilityGlobals) = postSolution
		SolutionGuid = {64F05B97-D7A0-478E-97E0-5866C8A907BA}
	EndGlobalSection
EndGlobal
