
Microsoft Visual Studio Solution File, Format Version 12.00
# Visual Studio Version 17
VisualStudioVersion = 17.6.33815.320
MinimumVisualStudioVersion = 10.0.40219.1
Project("{54A90642-561A-4BB1-A94E-469ADEE60C69}") = "vueapp", "vueapp\vueapp.esproj", "{3F033F8C-74FD-465F-8DB0-82B751ADECE7}"
EndProject
Project("{9A19103F-16F7-4668-BE54-9A1E7A4F7556}") = "webapi", "webapi\webapi.csproj", "{271D3F69-97F2-439F-8795-4A2B127A43C9}"
EndProject
Project("{9A19103F-16F7-4668-BE54-9A1E7A4F7556}") = "twitchBot", "twitchBot\twitchBot.csproj", "{9990320C-E68C-4F3E-BC5C-64D25B0C15B8}"
EndProject
Global
	GlobalSection(SolutionConfigurationPlatforms) = preSolution
		Debug|Any CPU = Debug|Any CPU
		Release|Any CPU = Release|Any CPU
	EndGlobalSection
	GlobalSection(ProjectConfigurationPlatforms) = postSolution
		{3F033F8C-74FD-465F-8DB0-82B751ADECE7}.Debug|Any CPU.ActiveCfg = Debug|Any CPU
		{3F033F8C-74FD-465F-8DB0-82B751ADECE7}.Debug|Any CPU.Build.0 = Debug|Any CPU
		{3F033F8C-74FD-465F-8DB0-82B751ADECE7}.Debug|Any CPU.Deploy.0 = Debug|Any CPU
		{3F033F8C-74FD-465F-8DB0-82B751ADECE7}.Release|Any CPU.ActiveCfg = Release|Any CPU
		{3F033F8C-74FD-465F-8DB0-82B751ADECE7}.Release|Any CPU.Build.0 = Release|Any CPU
		{3F033F8C-74FD-465F-8DB0-82B751ADECE7}.Release|Any CPU.Deploy.0 = Release|Any CPU
		{271D3F69-97F2-439F-8795-4A2B127A43C9}.Debug|Any CPU.ActiveCfg = Debug|Any CPU
		{271D3F69-97F2-439F-8795-4A2B127A43C9}.Debug|Any CPU.Build.0 = Debug|Any CPU
		{271D3F69-97F2-439F-8795-4A2B127A43C9}.Release|Any CPU.ActiveCfg = Release|Any CPU
		{271D3F69-97F2-439F-8795-4A2B127A43C9}.Release|Any CPU.Build.0 = Release|Any CPU
		{9990320C-E68C-4F3E-BC5C-64D25B0C15B8}.Debug|Any CPU.ActiveCfg = Debug|Any CPU
		{9990320C-E68C-4F3E-BC5C-64D25B0C15B8}.Debug|Any CPU.Build.0 = Debug|Any CPU
		{9990320C-E68C-4F3E-BC5C-64D25B0C15B8}.Release|Any CPU.ActiveCfg = Release|Any CPU
		{9990320C-E68C-4F3E-BC5C-64D25B0C15B8}.Release|Any CPU.Build.0 = Release|Any CPU
	EndGlobalSection
	GlobalSection(SolutionProperties) = preSolution
		HideSolutionNode = FALSE
	EndGlobalSection
	GlobalSection(ExtensibilityGlobals) = postSolution
		SolutionGuid = {64F05B97-D7A0-478E-97E0-5866C8A907BA}
	EndGlobalSection
EndGlobal
